{
  "version": 4,
  "terraform_version": "1.9.5",
  "serial": 55,
  "lineage": "af06f832-4956-ddeb-552f-0db439971b2f",
  "outputs": {
    "postgres_internal_ip": {
      "value": "10.148.0.45",
      "type": "string"
    },
    "postgres_ip": {
      "value": "35.240.133.226",
      "type": "string"
    }
  },
  "resources": [
    {
      "mode": "data",
      "type": "google_project",
      "name": "current",
      "provider": "provider[\"registry.terraform.io/hashicorp/google\"]",
      "instances": [
        {
          "schema_version": 0,
          "attributes": {
            "auto_create_network": null,
            "billing_account": null,
            "deletion_policy": "PREVENT",
            "effective_labels": {
              "firebase": "enabled"
            },
            "folder_id": null,
            "id": "projects/tuto-requests",
            "labels": {
              "firebase": "enabled"
            },
            "name": "tuto-requests",
            "number": "125833378093",
            "org_id": null,
            "project_id": "tuto-requests",
            "tags": null,
            "terraform_labels": {
              "firebase": "enabled"
            }
          },
          "sensitive_attributes": []
        }
      ]
    },
    {
      "mode": "managed",
      "type": "google_compute_instance",
      "name": "postgres-instance",
      "provider": "provider[\"registry.terraform.io/hashicorp/google\"]",
      "instances": [
        {
          "schema_version": 6,
          "attributes": {
            "advanced_machine_features": [],
            "allow_stopping_for_update": true,
            "attached_disk": [],
            "boot_disk": [
              {
                "auto_delete": true,
                "device_name": "persistent-disk-0",
                "disk_encryption_key_raw": "",
                "disk_encryption_key_sha256": "",
                "initialize_params": [
                  {
                    "enable_confidential_compute": false,
                    "image": "https://www.googleapis.com/compute/v1/projects/ubuntu-os-cloud/global/images/ubuntu-2004-focal-v20241219",
                    "labels": {},
                    "provisioned_iops": 0,
                    "provisioned_throughput": 0,
                    "resource_manager_tags": null,
                    "resource_policies": [],
                    "size": 10,
                    "storage_pool": "",
                    "type": "pd-standard"
                  }
                ],
                "interface": "",
                "kms_key_self_link": "",
                "mode": "READ_WRITE",
                "source": "https://www.googleapis.com/compute/v1/projects/tuto-requests/zones/asia-southeast1-a/disks/postgres-17"
              }
            ],
            "can_ip_forward": false,
            "confidential_instance_config": [],
            "cpu_platform": "Intel Broadwell",
            "creation_timestamp": "2025-01-04T01:43:36.783-08:00",
            "current_status": "RUNNING",
            "deletion_protection": false,
            "description": "",
            "desired_status": null,
            "effective_labels": {
              "goog-terraform-provisioned": "true"
            },
            "enable_display": false,
            "guest_accelerator": [],
            "hostname": "",
            "id": "projects/tuto-requests/zones/asia-southeast1-a/instances/postgres-17",
            "instance_id": "4845907999993412647",
            "key_revocation_action_type": "",
            "label_fingerprint": "vezUS-42LLM=",
            "labels": null,
            "machine_type": "e2-medium",
            "metadata": null,
            "metadata_fingerprint": "IVP0yQV6Rj0=",
            "metadata_startup_script": "#!/bin/bash\n\n  # Update the package list\n  echo \"Updating package list...\"\n  sudo apt update\n\n  # Install required prerequisites (for managing repositories over HTTPS)\n  echo \"Installing prerequisites...\"\n  sudo apt install -y wget ca-certificates\n\n  # Add PostgreSQL repository key\n  echo \"Adding PostgreSQL repository key...\"\n  wget --quiet -O - https://www.postgresql.org/media/keys/ACCC4CF8.asc | sudo apt-key add -\n\n  # Add the PostgreSQL PGDG repository to your system\n  echo \"Adding PostgreSQL repository...\"\n  sudo sh -c 'echo \"deb http://apt.postgresql.org/pub/repos/apt/ $(lsb_release -c | awk \"{print \\$2}\")-pgdg main\" \u003e /etc/apt/sources.list.d/pgdg.list'\n\n  # Update the package list again after adding the repository\n  echo \"Updating package list after adding PostgreSQL repository...\"\n  sudo apt update\n\n  # Install PostgreSQL 17\n  echo \"Installing PostgreSQL 17...\"\n  sudo apt install -y postgresql-17 postgresql-client-17\n\n  # Verify the installation\n  echo \"Verifying the installation...\"\n  psql --version\n\n  # Finished\n  echo \"PostgreSQL 17 installation completed!\"\n\n\n# Enable PostgreSQL to start on boot\nsudo systemctl enable postgresql\n\n# Start PostgreSQL\nsudo systemctl start postgresql\n\n# Allow external access to PostgreSQL (optional, can be adjusted)\nsudo sed -i \"s/#listen_addresses = 'localhost'/listen_addresses = '*'/\" /etc/postgresql/17/main/postgresql.conf\necho \"host    all             all             0.0.0.0/0            md5\" | sudo tee -a /etc/postgresql/17/main/pg_hba.conf\n\n# Restart PostgreSQL to apply changes\nsudo systemctl restart postgresql\n\n# Set a password for the postgres user (for convenience in testing)\nsudo -u postgres psql -c \"ALTER USER postgres WITH PASSWORD 'postgres';\"\n\n# Create the metrics database\nsudo -u postgres psql -c \"CREATE DATABASE metrics;\"\n\n# Restore the metrics database from the backup file (optional)\ngsutil cp gs://hdn-metrics-bucket/metrics.backup /tmp/metrics.backup\n\ngsutil cp gs://hdn-metrics-bucket/metrics-script.sql /tmp/\n\n# Restore the metrics database from the backup file\nsudo -u postgres pg_restore -d metrics /tmp/metrics.backup\n\n",
            "min_cpu_platform": "",
            "name": "postgres-17",
            "network_interface": [
              {
                "access_config": [
                  {
                    "nat_ip": "35.240.133.226",
                    "network_tier": "PREMIUM",
                    "public_ptr_domain_name": ""
                  }
                ],
                "alias_ip_range": [],
                "internal_ipv6_prefix_length": 0,
                "ipv6_access_config": [],
                "ipv6_access_type": "",
                "ipv6_address": "",
                "name": "nic0",
                "network": "https://www.googleapis.com/compute/v1/projects/tuto-requests/global/networks/default",
                "network_ip": "10.148.0.45",
                "nic_type": "",
                "queue_count": 0,
                "stack_type": "IPV4_ONLY",
                "subnetwork": "https://www.googleapis.com/compute/v1/projects/tuto-requests/regions/asia-southeast1/subnetworks/default",
                "subnetwork_project": "tuto-requests"
              }
            ],
            "network_performance_config": [],
            "params": [],
            "project": "tuto-requests",
            "reservation_affinity": [],
            "resource_policies": null,
            "scheduling": [
              {
                "automatic_restart": true,
                "instance_termination_action": "",
                "local_ssd_recovery_timeout": [],
                "max_run_duration": [],
                "min_node_cpus": 0,
                "node_affinities": [],
                "on_host_maintenance": "MIGRATE",
                "on_instance_stop_action": [],
                "preemptible": false,
                "provisioning_model": "STANDARD"
              }
            ],
            "scratch_disk": [],
            "self_link": "https://www.googleapis.com/compute/v1/projects/tuto-requests/zones/asia-southeast1-a/instances/postgres-17",
            "service_account": [
              {
                "email": "tuto-requests@appspot.gserviceaccount.com",
                "scopes": [
                  "https://www.googleapis.com/auth/cloud-platform"
                ]
              }
            ],
            "shielded_instance_config": [
              {
                "enable_integrity_monitoring": true,
                "enable_secure_boot": false,
                "enable_vtpm": true
              }
            ],
            "tags": [
              "db-server",
              "postgres"
            ],
            "tags_fingerprint": "Qeei0ndVVn0=",
            "terraform_labels": {
              "goog-terraform-provisioned": "true"
            },
            "timeouts": null,
            "zone": "asia-southeast1-a"
          },
          "sensitive_attributes": [
            [
              {
                "type": "get_attr",
                "value": "boot_disk"
              },
              {
                "type": "index",
                "value": {
                  "value": 0,
                  "type": "number"
                }
              },
              {
                "type": "get_attr",
                "value": "disk_encryption_key_raw"
              }
            ]
          ],
          "private": "eyJlMmJmYjczMC1lY2FhLTExZTYtOGY4OC0zNDM2M2JjN2M0YzAiOnsiY3JlYXRlIjoxMjAwMDAwMDAwMDAwLCJkZWxldGUiOjEyMDAwMDAwMDAwMDAsInVwZGF0ZSI6MTIwMDAwMDAwMDAwMH0sInNjaGVtYV92ZXJzaW9uIjoiNiJ9"
        }
      ]
    }
  ],
  "check_results": null
}
